// !$*UTF8*$!
{
	archiveVersion = 1;
	classes = {
	};
	objectVersion = 46;
	objects = {

/* Begin PBXBuildFile section */
		D980696D2FDCB5841DF90D63 /* RootViewController.swift in Sources */ = {isa = PBXBuildFile; fileRef = D98111862A58FA710BAAA92D /* RootViewController.swift */; };
		D986394E73C60F5919E7F0D0 /* Assets.xcassets in Resources */ = {isa = PBXBuildFile; fileRef = D9814E2149086DF768B3E5A8 /* Assets.xcassets */; };
		D98699B9625889B482FA1887 /* TracksDatabase.swift in Sources */ = {isa = PBXBuildFile; fileRef = D9830B302E776528918EAFC4 /* TracksDatabase.swift */; };
		D98842E8180FA7AC40230701 /* NextViewController.swift in Sources */ = {isa = PBXBuildFile; fileRef = D987A00AD18CC601443D0506 /* NextViewController.swift */; };
		D98F305BDF44823E100FDE5C /* LaunchScreen.storyboard in Resources */ = {isa = PBXBuildFile; fileRef = D9805C6A781E259459AAE286 /* LaunchScreen.storyboard */; };
		D98FBC44215D9C5403CA6F90 /* SceneDelegate.swift in Sources */ = {isa = PBXBuildFile; fileRef = D98CF06248BAE90F1086E76B /* SceneDelegate.swift */; };
		D98FCE8F4E641EA010978C0E /* Main.storyboard in Resources */ = {isa = PBXBuildFile; fileRef = D982CB24547366F7D56293A1 /* Main.storyboard */; };
		D98FF00BADF477230E374B5E /* AppDelegate.swift in Sources */ = {isa = PBXBuildFile; fileRef = D9876C8C3AEE4A933A6BC42B /* AppDelegate.swift */; };
/* End PBXBuildFile section */

/* Begin PBXFileReference section */
		D98111862A58FA710BAAA92D /* RootViewController.swift */ = {isa = PBXFileReference; lastKnownFileType = sourcecode.swift; path = RootViewController.swift; sourceTree = "<group>"; };
		D9814E2149086DF768B3E5A8 /* Assets.xcassets */ = {isa = PBXFileReference; lastKnownFileType = folder.assetcatalog; path = Assets.xcassets; sourceTree = "<group>"; };
		D982313DAC8A9EB482689AB6 /* Base */ = {isa = PBXFileReference; lastKnownFileType = file.storyboard; name = Base; path = Base.lproj/LaunchScreen.storyboard; sourceTree = "<group>"; };
		D9830B302E776528918EAFC4 /* TracksDatabase.swift */ = {isa = PBXFileReference; fileEncoding = 4; lastKnownFileType = sourcecode.swift; path = TracksDatabase.swift; sourceTree = "<group>"; };
		D983AE2F6DA29395B91C802C /* Info.plist */ = {isa = PBXFileReference; lastKnownFileType = text.plist.info; path = Info.plist; sourceTree = "<group>"; };
		D9876C8C3AEE4A933A6BC42B /* AppDelegate.swift */ = {isa = PBXFileReference; lastKnownFileType = sourcecode.swift; path = AppDelegate.swift; sourceTree = "<group>"; };
		D987A00AD18CC601443D0506 /* NextViewController.swift */ = {isa = PBXFileReference; fileEncoding = 4; lastKnownFileType = sourcecode.swift; path = NextViewController.swift; sourceTree = "<group>"; };
		D98BAD6E5B00E2C0EA56D575 /* PlayerSwift.Intermediate.app */ = {isa = PBXFileReference; explicitFileType = wrapper.application; includeInIndex = 0; path = PlayerSwift.Intermediate.app; sourceTree = BUILT_PRODUCTS_DIR; };
		D98BF3F4B17EF2CF3E6A4612 /* Base */ = {isa = PBXFileReference; lastKnownFileType = file.storyboard; name = Base; path = Base.lproj/Main.storyboard; sourceTree = "<group>"; };
		D98CF06248BAE90F1086E76B /* SceneDelegate.swift */ = {isa = PBXFileReference; lastKnownFileType = sourcecode.swift; path = SceneDelegate.swift; sourceTree = "<group>"; };
/* End PBXFileReference section */

/* Begin PBXFrameworksBuildPhase section */
		D98B8340732AB2785BDC6D02 /* Frameworks */ = {
			isa = PBXFrameworksBuildPhase;
			buildActionMask = 2147483647;
			files = (
			);
			runOnlyForDeploymentPostprocessing = 0;
		};
/* End PBXFrameworksBuildPhase section */

/* Begin PBXGroup section */
		D985E4EE2B519FB28B445ABF /* Products */ = {
			isa = PBXGroup;
			children = (
				D98BAD6E5B00E2C0EA56D575 /* PlayerSwift.Intermediate.app */,
			);
			name = Products;
			sourceTree = "<group>";
		};
		D98601A093E208F1C702FD54 /* PlayerSwift.Intermediate */ = {
			isa = PBXGroup;
			children = (
				D9814E2149086DF768B3E5A8 /* Assets.xcassets */,
				D9876C8C3AEE4A933A6BC42B /* AppDelegate.swift */,
				D9805C6A781E259459AAE286 /* LaunchScreen.storyboard */,
				D983AE2F6DA29395B91C802C /* Info.plist */,
				D98CF06248BAE90F1086E76B /* SceneDelegate.swift */,
				D98111862A58FA710BAAA92D /* RootViewController.swift */,
				D982CB24547366F7D56293A1 /* Main.storyboard */,
				D9830B302E776528918EAFC4 /* TracksDatabase.swift */,
				D987A00AD18CC601443D0506 /* NextViewController.swift */,
			);
			path = PlayerSwift.Intermediate;
			sourceTree = "<group>";
		};
		D98FEC45F15726F4CDF354A1 = {
			isa = PBXGroup;
			children = (
				D985E4EE2B519FB28B445ABF /* Products */,
				D98601A093E208F1C702FD54 /* PlayerSwift.Intermediate */,
			);
			sourceTree = "<group>";
		};
/* End PBXGroup section */

/* Begin PBXNativeTarget section */
		D98A5A86C95E23E37FD415E0 /* PlayerSwift.Intermediate */ = {
			isa = PBXNativeTarget;
			buildConfigurationList = D98AD27B3C710D2226394D1B /* Build configuration list for PBXNativeTarget "PlayerSwift.Intermediate" */;
			buildPhases = (
				D9824EF1FFA5A38015D88193 /* Sources */,
				D98B8340732AB2785BDC6D02 /* Frameworks */,
				D982DAE902C3CFDE1CF1F4FD /* Resources */,
			);
			buildRules = (
			);
			dependencies = (
			);
			name = PlayerSwift.Intermediate;
			productName = PlayerSwift.Intermediate;
			productReference = D98BAD6E5B00E2C0EA56D575 /* PlayerSwift.Intermediate.app */;
			productType = "com.apple.product-type.application";
		};
/* End PBXNativeTarget section */

/* Begin PBXProject section */
		D9899B9920E52349E2A9A582 /* Project object */ = {
			isa = PBXProject;
			attributes = {
			};
			buildConfigurationList = D98FA666738464535D5C69B9 /* Build configuration list for PBXProject "PlayerSwift.Intermediate" */;
			compatibilityVersion = "Xcode 3.2";
			developmentRegion = English;
			hasScannedForEncodings = 0;
			knownRegions = (
				English,
				en,
				Base,
			);
			mainGroup = D98FEC45F15726F4CDF354A1;
			productRefGroup = D985E4EE2B519FB28B445ABF /* Products */;
			projectDirPath = "";
			projectRoot = "";
			targets = (
				D98A5A86C95E23E37FD415E0 /* PlayerSwift.Intermediate */,
			);
		};
/* End PBXProject section */

/* Begin PBXResourcesBuildPhase section */
		D982DAE902C3CFDE1CF1F4FD /* Resources */ = {
			isa = PBXResourcesBuildPhase;
			buildActionMask = 2147483647;
			files = (
				D986394E73C60F5919E7F0D0 /* Assets.xcassets in Resources */,
				D98F305BDF44823E100FDE5C /* LaunchScreen.storyboard in Resources */,
				D98FCE8F4E641EA010978C0E /* Main.storyboard in Resources */,
			);
			runOnlyForDeploymentPostprocessing = 0;
		};
/* End PBXResourcesBuildPhase section */

/* Begin PBXSourcesBuildPhase section */
		D9824EF1FFA5A38015D88193 /* Sources */ = {
			isa = PBXSourcesBuildPhase;
			buildActionMask = 2147483647;
			files = (
				D98FF00BADF477230E374B5E /* AppDelegate.swift in Sources */,
				D98FBC44215D9C5403CA6F90 /* SceneDelegate.swift in Sources */,
				D980696D2FDCB5841DF90D63 /* RootViewController.swift in Sources */,
				D98699B9625889B482FA1887 /* TracksDatabase.swift in Sources */,
				D98842E8180FA7AC40230701 /* NextViewController.swift in Sources */,
			);
			runOnlyForDeploymentPostprocessing = 0;
		};
/* End PBXSourcesBuildPhase section */

/* Begin PBXVariantGroup section */
		D9805C6A781E259459AAE286 /* LaunchScreen.storyboard */ = {
			isa = PBXVariantGroup;
			children = (
				D982313DAC8A9EB482689AB6 /* Base */,
			);
			name = LaunchScreen.storyboard;
			sourceTree = "<group>";
		};
		D982CB24547366F7D56293A1 /* Main.storyboard */ = {
			isa = PBXVariantGroup;
			children = (
				D98BF3F4B17EF2CF3E6A4612 /* Base */,
			);
			name = Main.storyboard;
			sourceTree = "<group>";
		};
/* End PBXVariantGroup section */

/* Begin XCBuildConfiguration section */
		D980C65B44DF1B633BC02149 /* Release */ = {
			isa = XCBuildConfiguration;
			buildSettings = {
				ASSETCATALOG_COMPILER_APPICON_NAME = AppIcon;
				ASSETCATALOG_COMPILER_GLOBAL_ACCENT_COLOR_NAME = AccentColor;
				CURRENT_PROJECT_VERSION = 1;
				GENERATE_INFOPLIST_FILE = YES;
				INFOPLIST_FILE = PlayerSwift.Intermediate/Info.plist;
				INFOPLIST_KEY_UIApplicationSupportsIndirectInputEvents = YES;
				INFOPLIST_KEY_UILaunchStoryboardName = LaunchScreen;
				INFOPLIST_KEY_UIMainStoryboardFile = Main;
				INFOPLIST_KEY_UISupportedInterfaceOrientations_iPad = "UIInterfaceOrientationPortrait UIInterfaceOrientationPortraitUpsideDown UIInterfaceOrientationLandscapeLeft UIInterfaceOrientationLandscapeRight";
				INFOPLIST_KEY_UISupportedInterfaceOrientations_iPhone = "UIInterfaceOrientationPortrait UIInterfaceOrientationLandscapeLeft UIInterfaceOrientationLandscapeRight";
				LD_RUNPATH_SEARCH_PATHS = "$(inherited) @executable_path/Frameworks";
				MARKETING_VERSION = 1.0;
				PRODUCT_BUNDLE_IDENTIFIER = "identifier1.PlayerSwift-Intermediate";
				PRODUCT_NAME = "$(TARGET_NAME)";
				SWIFT_EMIT_LOC_STRINGS = YES;
				SWIFT_VERSION = 5.0;
				TARGETED_DEVICE_FAMILY = "1,2";
			};
			name = Release;
		};
		D9848A760A2E9B2103BF1752 /* Debug */ = {
			isa = XCBuildConfiguration;
			buildSettings = {
				ALWAYS_SEARCH_USER_PATHS = NO;
				CLANG_ANALYZER_NONNULL = YES;
				CLANG_ANALYZER_NUMBER_OBJECT_CONVERSION = YES_AGGRESSIVE;
				CLANG_CXX_LANGUAGE_STANDARD = "gnu++20";
				CLANG_ENABLE_MODULES = YES;
				CLANG_ENABLE_OBJC_ARC = YES;
				CLANG_ENABLE_OBJC_WEAK = YES;
				CLANG_WARN_BLOCK_CAPTURE_AUTORELEASING = YES;
				CLANG_WARN_BOOL_CONVERSION = YES;
				CLANG_WARN_COMMA = YES;
				CLANG_WARN_CONSTANT_CONVERSION = YES;
				CLANG_WARN_DEPRECATED_OBJC_IMPLEMENTATIONS = YES;
				CLANG_WARN_DIRECT_OBJC_ISA_USAGE = YES_ERROR;
				CLANG_WARN_DOCUMENTATION_COMMENTS = YES;
				CLANG_WARN_EMPTY_BODY = YES;
				CLANG_WARN_ENUM_CONVERSION = YES;
				CLANG_WARN_INFINITE_RECURSION = YES;
				CLANG_WARN_INT_CONVERSION = YES;
				CLANG_WARN_NON_LITERAL_NULL_CONVERSION = YES;
				CLANG_WARN_OBJC_IMPLICIT_RETAIN_SELF = YES;
				CLANG_WARN_OBJC_LITERAL_CONVERSION = YES;
				CLANG_WARN_OBJC_ROOT_CLASS = YES_ERROR;
				CLANG_WARN_QUOTED_INCLUDE_IN_FRAMEWORK_HEADER = YES;
				CLANG_WARN_RANGE_LOOP_ANALYSIS = YES;
				CLANG_WARN_STRICT_PROTOTYPES = YES;
				CLANG_WARN_SUSPICIOUS_MOVE = YES;
				CLANG_WARN_UNGUARDED_AVAILABILITY = YES_AGGRESSIVE;
				CLANG_WARN_UNREACHABLE_CODE = YES;
				CLANG_WARN__DUPLICATE_METHOD_MATCH = YES;
				COPY_PHASE_STRIP = NO;
				DEBUG_INFORMATION_FORMAT = dwarf;
				ENABLE_STRICT_OBJC_MSGSEND = YES;
				ENABLE_TESTABILITY = YES;
				GCC_C_LANGUAGE_STANDARD = gnu11;
				GCC_DYNAMIC_NO_PIC = NO;
				GCC_NO_COMMON_BLOCKS = YES;
				GCC_OPTIMIZATION_LEVEL = 0;
				GCC_PREPROCESSOR_DEFINITIONS = (
					"DEBUG=1",
					"$(inherited)",
				);
				GCC_WARN_64_TO_32_BIT_CONVERSION = YES;
				GCC_WARN_ABOUT_RETURN_TYPE = YES_ERROR;
				GCC_WARN_UNDECLARED_SELECTOR = YES;
				GCC_WARN_UNINITIALIZED_AUTOS = YES_AGGRESSIVE;
				GCC_WARN_UNUSED_FUNCTION = YES;
				GCC_WARN_UNUSED_VARIABLE = YES;
				IPHONEOS_DEPLOYMENT_TARGET = 16.2;
				MTL_ENABLE_DEBUG_INFO = INCLUDE_SOURCE;
				MTL_FAST_MATH = YES;
				ONLY_ACTIVE_ARCH = YES;
				SDKROOT = iphoneos;
				SWIFT_ACTIVE_COMPILATION_CONDITIONS = DEBUG;
				SWIFT_OPTIMIZATION_LEVEL = "-Onone";
			};
			name = Debug;
		};
		D98694061E2BCAEE2D3C2B58 /* Debug */ = {
			isa = XCBuildConfiguration;
			buildSettings = {
				ASSETCATALOG_COMPILER_APPICON_NAME = AppIcon;
				ASSETCATALOG_COMPILER_GLOBAL_ACCENT_COLOR_NAME = AccentColor;
				CURRENT_PROJECT_VERSION = 1;
				GENERATE_INFOPLIST_FILE = YES;
				INFOPLIST_FILE = PlayerSwift.Intermediate/Info.plist;
				INFOPLIST_KEY_UIApplicationSupportsIndirectInputEvents = YES;
				INFOPLIST_KEY_UILaunchStoryboardName = LaunchScreen;
				INFOPLIST_KEY_UIMainStoryboardFile = Main;
				INFOPLIST_KEY_UISupportedInterfaceOrientations_iPad = "UIInterfaceOrientationPortrait UIInterfaceOrientationPortraitUpsideDown UIInterfaceOrientationLandscapeLeft UIInterfaceOrientationLandscapeRight";
				INFOPLIST_KEY_UISupportedInterfaceOrientations_iPhone = "UIInterfaceOrientationPortrait UIInterfaceOrientationLandscapeLeft UIInterfaceOrientationLandscapeRight";
				LD_RUNPATH_SEARCH_PATHS = "$(inherited) @executable_path/Frameworks";
				MARKETING_VERSION = 1.0;
				PRODUCT_BUNDLE_IDENTIFIER = "identifier1.PlayerSwift-Intermediate";
				PRODUCT_NAME = "$(TARGET_NAME)";
				SWIFT_EMIT_LOC_STRINGS = YES;
				SWIFT_VERSION = 5.0;
				TARGETED_DEVICE_FAMILY = "1,2";
			};
			name = Debug;
		};
		D98DD201BFF58366CE7B35B0 /* Release */ = {
			isa = XCBuildConfiguration;
			buildSettings = {
				ALWAYS_SEARCH_USER_PATHS = NO;
				CLANG_ANALYZER_NONNULL = YES;
				CLANG_ANALYZER_NUMBER_OBJECT_CONVERSION = YES_AGGRESSIVE;
				CLANG_CXX_LANGUAGE_STANDARD = "gnu++20";
				CLANG_ENABLE_MODULES = YES;
				CLANG_ENABLE_OBJC_ARC = YES;
				CLANG_ENABLE_OBJC_WEAK = YES;
				CLANG_WARN_BLOCK_CAPTURE_AUTORELEASING = YES;
				CLANG_WARN_BOOL_CONVERSION = YES;
				CLANG_WARN_COMMA = YES;
				CLANG_WARN_CONSTANT_CONVERSION = YES;
				CLANG_WARN_DEPRECATED_OBJC_IMPLEMENTATIONS = YES;
				CLANG_WARN_DIRECT_OBJC_ISA_USAGE = YES_ERROR;
				CLANG_WARN_DOCUMENTATION_COMMENTS = YES;
				CLANG_WARN_EMPTY_BODY = YES;
				CLANG_WARN_ENUM_CONVERSION = YES;
				CLANG_WARN_INFINITE_RECURSION = YES;
				CLANG_WARN_INT_CONVERSION = YES;
				CLANG_WARN_NON_LITERAL_NULL_CONVERSION = YES;
				CLANG_WARN_OBJC_IMPLICIT_RETAIN_SELF = YES;
				CLANG_WARN_OBJC_LITERAL_CONVERSION = YES;
				CLANG_WARN_OBJC_ROOT_CLASS = YES_ERROR;
				CLANG_WARN_QUOTED_INCLUDE_IN_FRAMEWORK_HEADER = YES;
				CLANG_WARN_RANGE_LOOP_ANALYSIS = YES;
				CLANG_WARN_STRICT_PROTOTYPES = YES;
				CLANG_WARN_SUSPICIOUS_MOVE = YES;
				CLANG_WARN_UNGUARDED_AVAILABILITY = YES_AGGRESSIVE;
				CLANG_WARN_UNREACHABLE_CODE = YES;
				CLANG_WARN__DUPLICATE_METHOD_MATCH = YES;
				COPY_PHASE_STRIP = NO;
				DEBUG_INFORMATION_FORMAT = "dwarf-with-dsym";
				ENABLE_NS_ASSERTIONS = NO;
				ENABLE_STRICT_OBJC_MSGSEND = YES;
				GCC_C_LANGUAGE_STANDARD = gnu11;
				GCC_NO_COMMON_BLOCKS = YES;
				GCC_WARN_64_TO_32_BIT_CONVERSION = YES;
				GCC_WARN_ABOUT_RETURN_TYPE = YES_ERROR;
				GCC_WARN_UNDECLARED_SELECTOR = YES;
				GCC_WARN_UNINITIALIZED_AUTOS = YES_AGGRESSIVE;
				GCC_WARN_UNUSED_FUNCTION = YES;
				GCC_WARN_UNUSED_VARIABLE = YES;
				IPHONEOS_DEPLOYMENT_TARGET = 16.2;
				MTL_ENABLE_DEBUG_INFO = NO;
				MTL_FAST_MATH = YES;
				SDKROOT = iphoneos;
				SWIFT_OPTIMIZATION_LEVEL = "-Owholemodule";
				VALIDATE_PRODUCT = YES;
			};
			name = Release;
		};
/* End XCBuildConfiguration section */

/* Begin XCConfigurationList section */
		D98AD27B3C710D2226394D1B /* Build configuration list for PBXNativeTarget "PlayerSwift.Intermediate" */ = {
			isa = XCConfigurationList;
			buildConfigurations = (
				D98694061E2BCAEE2D3C2B58 /* Debug */,
				D980C65B44DF1B633BC02149 /* Release */,
			);
			defaultConfigurationIsVisible = 0;
			defaultConfigurationName = Release;
		};
		D98FA666738464535D5C69B9 /* Build configuration list for PBXProject "PlayerSwift.Intermediate" */ = {
			isa = XCConfigurationList;
			buildConfigurations = (
				D9848A760A2E9B2103BF1752 /* Debug */,
				D98DD201BFF58366CE7B35B0 /* Release */,
			);
			defaultConfigurationIsVisible = 0;
			defaultConfigurationName = Release;
		};
/* End XCConfigurationList section */
	};
	rootObject = D9899B9920E52349E2A9A582 /* Project object */;
}
